// !$*UTF8*$!
{
	archiveVersion = 1;
	classes = {
	};
	objectVersion = 46;
	objects = {

/* Begin PBXBuildFile section */
		D45764721EA64DF200D900B6 /* AppDelegate.swift in Sources */ = {isa = PBXBuildFile; fileRef = D45764711EA64DF200D900B6 /* AppDelegate.swift */; };
		D45764791EA64DF200D900B6 /* Assets.xcassets in Resources */ = {isa = PBXBuildFile; fileRef = D45764781EA64DF200D900B6 /* Assets.xcassets */; };
		D457647C1EA64DF200D900B6 /* LaunchScreen.storyboard in Resources */ = {isa = PBXBuildFile; fileRef = D457647A1EA64DF200D900B6 /* LaunchScreen.storyboard */; };
		D45764871EA64DF200D900B6 /* MoneyInfoHiubTests.swift in Sources */ = {isa = PBXBuildFile; fileRef = D45764861EA64DF200D900B6 /* MoneyInfoHiubTests.swift */; };
		D45764921EA64DF200D900B6 /* MoneyInfoHiubUITests.swift in Sources */ = {isa = PBXBuildFile; fileRef = D45764911EA64DF200D900B6 /* MoneyInfoHiubUITests.swift */; };
		D45764A01EA64E0200D900B6 /* MIHAPIManager.swift in Sources */ = {isa = PBXBuildFile; fileRef = D457649F1EA64E0200D900B6 /* MIHAPIManager.swift */; };
		D45764A21EA651E000D900B6 /* MIHMainTableViewController.swift in Sources */ = {isa = PBXBuildFile; fileRef = D45764A11EA651E000D900B6 /* MIHMainTableViewController.swift */; };
		D45764D01EA652E900D900B6 /* FLAnimatedImageView+WebCache.m in Sources */ = {isa = PBXBuildFile; fileRef = D45764A81EA652E900D900B6 /* FLAnimatedImageView+WebCache.m */; };
		D45764D11EA652E900D900B6 /* MKAnnotationView+WebCache.m in Sources */ = {isa = PBXBuildFile; fileRef = D45764AA1EA652E900D900B6 /* MKAnnotationView+WebCache.m */; };
		D45764D21EA652E900D900B6 /* NSData+ImageContentType.m in Sources */ = {isa = PBXBuildFile; fileRef = D45764AC1EA652E900D900B6 /* NSData+ImageContentType.m */; };
		D45764D31EA652E900D900B6 /* NSImage+WebCache.m in Sources */ = {isa = PBXBuildFile; fileRef = D45764AE1EA652E900D900B6 /* NSImage+WebCache.m */; };
		D45764D41EA652E900D900B6 /* SDImageCache.m in Sources */ = {isa = PBXBuildFile; fileRef = D45764B01EA652E900D900B6 /* SDImageCache.m */; };
		D45764D51EA652E900D900B6 /* SDImageCacheConfig.m in Sources */ = {isa = PBXBuildFile; fileRef = D45764B21EA652E900D900B6 /* SDImageCacheConfig.m */; };
		D45764D61EA652E900D900B6 /* SDWebImageCompat.m in Sources */ = {isa = PBXBuildFile; fileRef = D45764B41EA652E900D900B6 /* SDWebImageCompat.m */; };
		D45764D71EA652E900D900B6 /* SDWebImageDecoder.m in Sources */ = {isa = PBXBuildFile; fileRef = D45764B61EA652E900D900B6 /* SDWebImageDecoder.m */; };
		D45764D81EA652E900D900B6 /* SDWebImageDownloader.m in Sources */ = {isa = PBXBuildFile; fileRef = D45764B81EA652E900D900B6 /* SDWebImageDownloader.m */; };
		D45764D91EA652E900D900B6 /* SDWebImageDownloaderOperation.m in Sources */ = {isa = PBXBuildFile; fileRef = D45764BA1EA652E900D900B6 /* SDWebImageDownloaderOperation.m */; };
		D45764DA1EA652E900D900B6 /* SDWebImageManager.m in Sources */ = {isa = PBXBuildFile; fileRef = D45764BC1EA652E900D900B6 /* SDWebImageManager.m */; };
		D45764DB1EA652E900D900B6 /* SDWebImagePrefetcher.m in Sources */ = {isa = PBXBuildFile; fileRef = D45764BF1EA652E900D900B6 /* SDWebImagePrefetcher.m */; };
		D45764DC1EA652E900D900B6 /* UIButton+WebCache.m in Sources */ = {isa = PBXBuildFile; fileRef = D45764C11EA652E900D900B6 /* UIButton+WebCache.m */; };
		D45764DD1EA652E900D900B6 /* UIImage+GIF.m in Sources */ = {isa = PBXBuildFile; fileRef = D45764C31EA652E900D900B6 /* UIImage+GIF.m */; };
		D45764DE1EA652E900D900B6 /* UIImage+MultiFormat.m in Sources */ = {isa = PBXBuildFile; fileRef = D45764C51EA652E900D900B6 /* UIImage+MultiFormat.m */; };
		D45764DF1EA652E900D900B6 /* UIImage+WebP.m in Sources */ = {isa = PBXBuildFile; fileRef = D45764C71EA652E900D900B6 /* UIImage+WebP.m */; };
		D45764E01EA652E900D900B6 /* UIImageView+HighlightedWebCache.m in Sources */ = {isa = PBXBuildFile; fileRef = D45764C91EA652E900D900B6 /* UIImageView+HighlightedWebCache.m */; };
		D45764E11EA652E900D900B6 /* UIImageView+WebCache.m in Sources */ = {isa = PBXBuildFile; fileRef = D45764CB1EA652E900D900B6 /* UIImageView+WebCache.m */; };
		D45764E21EA652E900D900B6 /* UIView+WebCache.m in Sources */ = {isa = PBXBuildFile; fileRef = D45764CD1EA652E900D900B6 /* UIView+WebCache.m */; };
		D45764E31EA652E900D900B6 /* UIView+WebCacheOperation.m in Sources */ = {isa = PBXBuildFile; fileRef = D45764CF1EA652E900D900B6 /* UIView+WebCacheOperation.m */; };
		D45764EA1EA6536100D900B6 /* FLAnimatedImage.m in Sources */ = {isa = PBXBuildFile; fileRef = D45764E61EA6536100D900B6 /* FLAnimatedImage.m */; };
		D45764EB1EA6536100D900B6 /* FLAnimatedImageView.m in Sources */ = {isa = PBXBuildFile; fileRef = D45764E81EA6536100D900B6 /* FLAnimatedImageView.m */; };
		D45764EE1EA6576D00D900B6 /* MIHCardTableViewCell.swift in Sources */ = {isa = PBXBuildFile; fileRef = D45764ED1EA6576D00D900B6 /* MIHCardTableViewCell.swift */; };
		D45765001EA661F100D900B6 /* MIHWebViewController.swift in Sources */ = {isa = PBXBuildFile; fileRef = D45764FF1EA661F100D900B6 /* MIHWebViewController.swift */; };
/* End PBXBuildFile section */

/* Begin PBXContainerItemProxy section */
		D45764831EA64DF200D900B6 /* PBXContainerItemProxy */ = {
			isa = PBXContainerItemProxy;
			containerPortal = D45764661EA64DF100D900B6 /* Project object */;
			proxyType = 1;
			remoteGlobalIDString = D457646D1EA64DF100D900B6;
			remoteInfo = MoneyInfoHiub;
		};
		D457648E1EA64DF200D900B6 /* PBXContainerItemProxy */ = {
			isa = PBXContainerItemProxy;
			containerPortal = D45764661EA64DF100D900B6 /* Project object */;
			proxyType = 1;
			remoteGlobalIDString = D457646D1EA64DF100D900B6;
			remoteInfo = MoneyInfoHiub;
		};
/* End PBXContainerItemProxy section */

/* Begin PBXFileReference section */
		D457646E1EA64DF100D900B6 /* MoneyInfoHiub.app */ = {isa = PBXFileReference; explicitFileType = wrapper.application; includeInIndex = 0; path = MoneyInfoHiub.app; sourceTree = BUILT_PRODUCTS_DIR; };
		D45764711EA64DF200D900B6 /* AppDelegate.swift */ = {isa = PBXFileReference; lastKnownFileType = sourcecode.swift; path = AppDelegate.swift; sourceTree = "<group>"; };
		D45764781EA64DF200D900B6 /* Assets.xcassets */ = {isa = PBXFileReference; lastKnownFileType = folder.assetcatalog; path = Assets.xcassets; sourceTree = "<group>"; };
		D457647B1EA64DF200D900B6 /* Base */ = {isa = PBXFileReference; lastKnownFileType = file.storyboard; name = Base; path = Base.lproj/LaunchScreen.storyboard; sourceTree = "<group>"; };
		D457647D1EA64DF200D900B6 /* Info.plist */ = {isa = PBXFileReference; lastKnownFileType = text.plist.xml; path = Info.plist; sourceTree = "<group>"; };
		D45764821EA64DF200D900B6 /* MoneyInfoHiubTests.xctest */ = {isa = PBXFileReference; explicitFileType = wrapper.cfbundle; includeInIndex = 0; path = MoneyInfoHiubTests.xctest; sourceTree = BUILT_PRODUCTS_DIR; };
		D45764861EA64DF200D900B6 /* MoneyInfoHiubTests.swift */ = {isa = PBXFileReference; lastKnownFileType = sourcecode.swift; path = MoneyInfoHiubTests.swift; sourceTree = "<group>"; };
		D45764881EA64DF200D900B6 /* Info.plist */ = {isa = PBXFileReference; lastKnownFileType = text.plist.xml; path = Info.plist; sourceTree = "<group>"; };
		D457648D1EA64DF200D900B6 /* MoneyInfoHiubUITests.xctest */ = {isa = PBXFileReference; explicitFileType = wrapper.cfbundle; includeInIndex = 0; path = MoneyInfoHiubUITests.xctest; sourceTree = BUILT_PRODUCTS_DIR; };
		D45764911EA64DF200D900B6 /* MoneyInfoHiubUITests.swift */ = {isa = PBXFileReference; lastKnownFileType = sourcecode.swift; path = MoneyInfoHiubUITests.swift; sourceTree = "<group>"; };
		D45764931EA64DF200D900B6 /* Info.plist */ = {isa = PBXFileReference; lastKnownFileType = text.plist.xml; path = Info.plist; sourceTree = "<group>"; };
		D457649F1EA64E0200D900B6 /* MIHAPIManager.swift */ = {isa = PBXFileReference; fileEncoding = 4; lastKnownFileType = sourcecode.swift; path = MIHAPIManager.swift; sourceTree = "<group>"; };
		D45764A11EA651E000D900B6 /* MIHMainTableViewController.swift */ = {isa = PBXFileReference; fileEncoding = 4; lastKnownFileType = sourcecode.swift; path = MIHMainTableViewController.swift; sourceTree = "<group>"; };
		D45764A71EA652E900D900B6 /* FLAnimatedImageView+WebCache.h */ = {isa = PBXFileReference; fileEncoding = 4; lastKnownFileType = sourcecode.c.h; path = "FLAnimatedImageView+WebCache.h"; sourceTree = "<group>"; };
		D45764A81EA652E900D900B6 /* FLAnimatedImageView+WebCache.m */ = {isa = PBXFileReference; fileEncoding = 4; lastKnownFileType = sourcecode.c.objc; path = "FLAnimatedImageView+WebCache.m"; sourceTree = "<group>"; };
		D45764A91EA652E900D900B6 /* MKAnnotationView+WebCache.h */ = {isa = PBXFileReference; fileEncoding = 4; lastKnownFileType = sourcecode.c.h; path = "MKAnnotationView+WebCache.h"; sourceTree = "<group>"; };
		D45764AA1EA652E900D900B6 /* MKAnnotationView+WebCache.m */ = {isa = PBXFileReference; fileEncoding = 4; lastKnownFileType = sourcecode.c.objc; path = "MKAnnotationView+WebCache.m"; sourceTree = "<group>"; };
		D45764AB1EA652E900D900B6 /* NSData+ImageContentType.h */ = {isa = PBXFileReference; fileEncoding = 4; lastKnownFileType = sourcecode.c.h; path = "NSData+ImageContentType.h"; sourceTree = "<group>"; };
		D45764AC1EA652E900D900B6 /* NSData+ImageContentType.m */ = {isa = PBXFileReference; fileEncoding = 4; lastKnownFileType = sourcecode.c.objc; path = "NSData+ImageContentType.m"; sourceTree = "<group>"; };
		D45764AD1EA652E900D900B6 /* NSImage+WebCache.h */ = {isa = PBXFileReference; fileEncoding = 4; lastKnownFileType = sourcecode.c.h; path = "NSImage+WebCache.h"; sourceTree = "<group>"; };
		D45764AE1EA652E900D900B6 /* NSImage+WebCache.m */ = {isa = PBXFileReference; fileEncoding = 4; lastKnownFileType = sourcecode.c.objc; path = "NSImage+WebCache.m"; sourceTree = "<group>"; };
		D45764AF1EA652E900D900B6 /* SDImageCache.h */ = {isa = PBXFileReference; fileEncoding = 4; lastKnownFileType = sourcecode.c.h; path = SDImageCache.h; sourceTree = "<group>"; };
		D45764B01EA652E900D900B6 /* SDImageCache.m */ = {isa = PBXFileReference; fileEncoding = 4; lastKnownFileType = sourcecode.c.objc; path = SDImageCache.m; sourceTree = "<group>"; };
		D45764B11EA652E900D900B6 /* SDImageCacheConfig.h */ = {isa = PBXFileReference; fileEncoding = 4; lastKnownFileType = sourcecode.c.h; path = SDImageCacheConfig.h; sourceTree = "<group>"; };
		D45764B21EA652E900D900B6 /* SDImageCacheConfig.m */ = {isa = PBXFileReference; fileEncoding = 4; lastKnownFileType = sourcecode.c.objc; path = SDImageCacheConfig.m; sourceTree = "<group>"; };
		D45764B31EA652E900D900B6 /* SDWebImageCompat.h */ = {isa = PBXFileReference; fileEncoding = 4; lastKnownFileType = sourcecode.c.h; path = SDWebImageCompat.h; sourceTree = "<group>"; };
		D45764B41EA652E900D900B6 /* SDWebImageCompat.m */ = {isa = PBXFileReference; fileEncoding = 4; lastKnownFileType = sourcecode.c.objc; path = SDWebImageCompat.m; sourceTree = "<group>"; };
		D45764B51EA652E900D900B6 /* SDWebImageDecoder.h */ = {isa = PBXFileReference; fileEncoding = 4; lastKnownFileType = sourcecode.c.h; path = SDWebImageDecoder.h; sourceTree = "<group>"; };
		D45764B61EA652E900D900B6 /* SDWebImageDecoder.m */ = {isa = PBXFileReference; fileEncoding = 4; lastKnownFileType = sourcecode.c.objc; path = SDWebImageDecoder.m; sourceTree = "<group>"; };
		D45764B71EA652E900D900B6 /* SDWebImageDownloader.h */ = {isa = PBXFileReference; fileEncoding = 4; lastKnownFileType = sourcecode.c.h; path = SDWebImageDownloader.h; sourceTree = "<group>"; };
		D45764B81EA652E900D900B6 /* SDWebImageDownloader.m */ = {isa = PBXFileReference; fileEncoding = 4; lastKnownFileType = sourcecode.c.objc; path = SDWebImageDownloader.m; sourceTree = "<group>"; };
		D45764B91EA652E900D900B6 /* SDWebImageDownloaderOperation.h */ = {isa = PBXFileReference; fileEncoding = 4; lastKnownFileType = sourcecode.c.h; path = SDWebImageDownloaderOperation.h; sourceTree = "<group>"; };
		D45764BA1EA652E900D900B6 /* SDWebImageDownloaderOperation.m */ = {isa = PBXFileReference; fileEncoding = 4; lastKnownFileType = sourcecode.c.objc; path = SDWebImageDownloaderOperation.m; sourceTree = "<group>"; };
		D45764BB1EA652E900D900B6 /* SDWebImageManager.h */ = {isa = PBXFileReference; fileEncoding = 4; lastKnownFileType = sourcecode.c.h; path = SDWebImageManager.h; sourceTree = "<group>"; };
		D45764BC1EA652E900D900B6 /* SDWebImageManager.m */ = {isa = PBXFileReference; fileEncoding = 4; lastKnownFileType = sourcecode.c.objc; path = SDWebImageManager.m; sourceTree = "<group>"; };
		D45764BD1EA652E900D900B6 /* SDWebImageOperation.h */ = {isa = PBXFileReference; fileEncoding = 4; lastKnownFileType = sourcecode.c.h; path = SDWebImageOperation.h; sourceTree = "<group>"; };
		D45764BE1EA652E900D900B6 /* SDWebImagePrefetcher.h */ = {isa = PBXFileReference; fileEncoding = 4; lastKnownFileType = sourcecode.c.h; path = SDWebImagePrefetcher.h; sourceTree = "<group>"; };
		D45764BF1EA652E900D900B6 /* SDWebImagePrefetcher.m */ = {isa = PBXFileReference; fileEncoding = 4; lastKnownFileType = sourcecode.c.objc; path = SDWebImagePrefetcher.m; sourceTree = "<group>"; };
		D45764C01EA652E900D900B6 /* UIButton+WebCache.h */ = {isa = PBXFileReference; fileEncoding = 4; lastKnownFileType = sourcecode.c.h; path = "UIButton+WebCache.h"; sourceTree = "<group>"; };
		D45764C11EA652E900D900B6 /* UIButton+WebCache.m */ = {isa = PBXFileReference; fileEncoding = 4; lastKnownFileType = sourcecode.c.objc; path = "UIButton+WebCache.m"; sourceTree = "<group>"; };
		D45764C21EA652E900D900B6 /* UIImage+GIF.h */ = {isa = PBXFileReference; fileEncoding = 4; lastKnownFileType = sourcecode.c.h; path = "UIImage+GIF.h"; sourceTree = "<group>"; };
		D45764C31EA652E900D900B6 /* UIImage+GIF.m */ = {isa = PBXFileReference; fileEncoding = 4; lastKnownFileType = sourcecode.c.objc; path = "UIImage+GIF.m"; sourceTree = "<group>"; };
		D45764C41EA652E900D900B6 /* UIImage+MultiFormat.h */ = {isa = PBXFileReference; fileEncoding = 4; lastKnownFileType = sourcecode.c.h; path = "UIImage+MultiFormat.h"; sourceTree = "<group>"; };
		D45764C51EA652E900D900B6 /* UIImage+MultiFormat.m */ = {isa = PBXFileReference; fileEncoding = 4; lastKnownFileType = sourcecode.c.objc; path = "UIImage+MultiFormat.m"; sourceTree = "<group>"; };
		D45764C61EA652E900D900B6 /* UIImage+WebP.h */ = {isa = PBXFileReference; fileEncoding = 4; lastKnownFileType = sourcecode.c.h; path = "UIImage+WebP.h"; sourceTree = "<group>"; };
		D45764C71EA652E900D900B6 /* UIImage+WebP.m */ = {isa = PBXFileReference; fileEncoding = 4; lastKnownFileType = sourcecode.c.objc; path = "UIImage+WebP.m"; sourceTree = "<group>"; };
		D45764C81EA652E900D900B6 /* UIImageView+HighlightedWebCache.h */ = {isa = PBXFileReference; fileEncoding = 4; lastKnownFileType = sourcecode.c.h; path = "UIImageView+HighlightedWebCache.h"; sourceTree = "<group>"; };
		D45764C91EA652E900D900B6 /* UIImageView+HighlightedWebCache.m */ = {isa = PBXFileReference; fileEncoding = 4; lastKnownFileType = sourcecode.c.objc; path = "UIImageView+HighlightedWebCache.m"; sourceTree = "<group>"; };
		D45764CA1EA652E900D900B6 /* UIImageView+WebCache.h */ = {isa = PBXFileReference; fileEncoding = 4; lastKnownFileType = sourcecode.c.h; path = "UIImageView+WebCache.h"; sourceTree = "<group>"; };
		D45764CB1EA652E900D900B6 /* UIImageView+WebCache.m */ = {isa = PBXFileReference; fileEncoding = 4; lastKnownFileType = sourcecode.c.objc; path = "UIImageView+WebCache.m"; sourceTree = "<group>"; };
		D45764CC1EA652E900D900B6 /* UIView+WebCache.h */ = {isa = PBXFileReference; fileEncoding = 4; lastKnownFileType = sourcecode.c.h; path = "UIView+WebCache.h"; sourceTree = "<group>"; };
		D45764CD1EA652E900D900B6 /* UIView+WebCache.m */ = {isa = PBXFileReference; fileEncoding = 4; lastKnownFileType = sourcecode.c.objc; path = "UIView+WebCache.m"; sourceTree = "<group>"; };
		D45764CE1EA652E900D900B6 /* UIView+WebCacheOperation.h */ = {isa = PBXFileReference; fileEncoding = 4; lastKnownFileType = sourcecode.c.h; path = "UIView+WebCacheOperation.h"; sourceTree = "<group>"; };
		D45764CF1EA652E900D900B6 /* UIView+WebCacheOperation.m */ = {isa = PBXFileReference; fileEncoding = 4; lastKnownFileType = sourcecode.c.objc; path = "UIView+WebCacheOperation.m"; sourceTree = "<group>"; };
		D45764E51EA6536100D900B6 /* FLAnimatedImage.h */ = {isa = PBXFileReference; fileEncoding = 4; lastKnownFileType = sourcecode.c.h; path = FLAnimatedImage.h; sourceTree = "<group>"; };
		D45764E61EA6536100D900B6 /* FLAnimatedImage.m */ = {isa = PBXFileReference; fileEncoding = 4; lastKnownFileType = sourcecode.c.objc; path = FLAnimatedImage.m; sourceTree = "<group>"; };
		D45764E71EA6536100D900B6 /* FLAnimatedImageView.h */ = {isa = PBXFileReference; fileEncoding = 4; lastKnownFileType = sourcecode.c.h; path = FLAnimatedImageView.h; sourceTree = "<group>"; };
		D45764E81EA6536100D900B6 /* FLAnimatedImageView.m */ = {isa = PBXFileReference; fileEncoding = 4; lastKnownFileType = sourcecode.c.objc; path = FLAnimatedImageView.m; sourceTree = "<group>"; };
		D45764ED1EA6576D00D900B6 /* MIHCardTableViewCell.swift */ = {isa = PBXFileReference; fileEncoding = 4; lastKnownFileType = sourcecode.swift; path = MIHCardTableViewCell.swift; sourceTree = "<group>"; };
		D45764F51EA6581000D900B6 /* MIH-Bridging.h */ = {isa = PBXFileReference; lastKnownFileType = sourcecode.c.h; path = "MIH-Bridging.h"; sourceTree = "<group>"; };
		D45764FF1EA661F100D900B6 /* MIHWebViewController.swift */ = {isa = PBXFileReference; fileEncoding = 4; lastKnownFileType = sourcecode.swift; path = MIHWebViewController.swift; sourceTree = "<group>"; };
/* End PBXFileReference section */

/* Begin PBXFrameworksBuildPhase section */
		D457646B1EA64DF100D900B6 /* Frameworks */ = {
			isa = PBXFrameworksBuildPhase;
			buildActionMask = 2147483647;
			files = (
			);
			runOnlyForDeploymentPostprocessing = 0;
		};
		D457647F1EA64DF200D900B6 /* Frameworks */ = {
			isa = PBXFrameworksBuildPhase;
			buildActionMask = 2147483647;
			files = (
			);
			runOnlyForDeploymentPostprocessing = 0;
		};
		D457648A1EA64DF200D900B6 /* Frameworks */ = {
			isa = PBXFrameworksBuildPhase;
			buildActionMask = 2147483647;
			files = (
			);
			runOnlyForDeploymentPostprocessing = 0;
		};
/* End PBXFrameworksBuildPhase section */

/* Begin PBXGroup section */
		D45764651EA64DF100D900B6 = {
			isa = PBXGroup;
			children = (
				D45764701EA64DF200D900B6 /* MoneyInfoHiub */,
				D45764851EA64DF200D900B6 /* MoneyInfoHiubTests */,
				D45764901EA64DF200D900B6 /* MoneyInfoHiubUITests */,
				D457646F1EA64DF100D900B6 /* Products */,
			);
			sourceTree = "<group>";
		};
		D457646F1EA64DF100D900B6 /* Products */ = {
			isa = PBXGroup;
			children = (
				D457646E1EA64DF100D900B6 /* MoneyInfoHiub.app */,
				D45764821EA64DF200D900B6 /* MoneyInfoHiubTests.xctest */,
				D457648D1EA64DF200D900B6 /* MoneyInfoHiubUITests.xctest */,
			);
			name = Products;
			sourceTree = "<group>";
		};
		D45764701EA64DF200D900B6 /* MoneyInfoHiub */ = {
			isa = PBXGroup;
			children = (
				D45764F51EA6581000D900B6 /* MIH-Bridging.h */,
				D45764E41EA6536100D900B6 /* FLAnimatedImage */,
				D45764A51EA652E900D900B6 /* SDWebImage */,
				D45764711EA64DF200D900B6 /* AppDelegate.swift */,
				D457649F1EA64E0200D900B6 /* MIHAPIManager.swift */,
				D45764A11EA651E000D900B6 /* MIHMainTableViewController.swift */,
				D45764ED1EA6576D00D900B6 /* MIHCardTableViewCell.swift */,
				D45764FF1EA661F100D900B6 /* MIHWebViewController.swift */,
				D45764781EA64DF200D900B6 /* Assets.xcassets */,
				D457647A1EA64DF200D900B6 /* LaunchScreen.storyboard */,
				D457647D1EA64DF200D900B6 /* Info.plist */,
			);
			path = MoneyInfoHiub;
			sourceTree = "<group>";
		};
		D45764851EA64DF200D900B6 /* MoneyInfoHiubTests */ = {
			isa = PBXGroup;
			children = (
				D45764861EA64DF200D900B6 /* MoneyInfoHiubTests.swift */,
				D45764881EA64DF200D900B6 /* Info.plist */,
			);
			path = MoneyInfoHiubTests;
			sourceTree = "<group>";
		};
		D45764901EA64DF200D900B6 /* MoneyInfoHiubUITests */ = {
			isa = PBXGroup;
			children = (
				D45764911EA64DF200D900B6 /* MoneyInfoHiubUITests.swift */,
				D45764931EA64DF200D900B6 /* Info.plist */,
			);
			path = MoneyInfoHiubUITests;
			sourceTree = "<group>";
		};
		D45764A51EA652E900D900B6 /* SDWebImage */ = {
			isa = PBXGroup;
			children = (
				D45764A61EA652E900D900B6 /* FLAnimatedImage */,
				D45764A91EA652E900D900B6 /* MKAnnotationView+WebCache.h */,
				D45764AA1EA652E900D900B6 /* MKAnnotationView+WebCache.m */,
				D45764AB1EA652E900D900B6 /* NSData+ImageContentType.h */,
				D45764AC1EA652E900D900B6 /* NSData+ImageContentType.m */,
				D45764AD1EA652E900D900B6 /* NSImage+WebCache.h */,
				D45764AE1EA652E900D900B6 /* NSImage+WebCache.m */,
				D45764AF1EA652E900D900B6 /* SDImageCache.h */,
				D45764B01EA652E900D900B6 /* SDImageCache.m */,
				D45764B11EA652E900D900B6 /* SDImageCacheConfig.h */,
				D45764B21EA652E900D900B6 /* SDImageCacheConfig.m */,
				D45764B31EA652E900D900B6 /* SDWebImageCompat.h */,
				D45764B41EA652E900D900B6 /* SDWebImageCompat.m */,
				D45764B51EA652E900D900B6 /* SDWebImageDecoder.h */,
				D45764B61EA652E900D900B6 /* SDWebImageDecoder.m */,
				D45764B71EA652E900D900B6 /* SDWebImageDownloader.h */,
				D45764B81EA652E900D900B6 /* SDWebImageDownloader.m */,
				D45764B91EA652E900D900B6 /* SDWebImageDownloaderOperation.h */,
				D45764BA1EA652E900D900B6 /* SDWebImageDownloaderOperation.m */,
				D45764BB1EA652E900D900B6 /* SDWebImageManager.h */,
				D45764BC1EA652E900D900B6 /* SDWebImageManager.m */,
				D45764BD1EA652E900D900B6 /* SDWebImageOperation.h */,
				D45764BE1EA652E900D900B6 /* SDWebImagePrefetcher.h */,
				D45764BF1EA652E900D900B6 /* SDWebImagePrefetcher.m */,
				D45764C01EA652E900D900B6 /* UIButton+WebCache.h */,
				D45764C11EA652E900D900B6 /* UIButton+WebCache.m */,
				D45764C21EA652E900D900B6 /* UIImage+GIF.h */,
				D45764C31EA652E900D900B6 /* UIImage+GIF.m */,
				D45764C41EA652E900D900B6 /* UIImage+MultiFormat.h */,
				D45764C51EA652E900D900B6 /* UIImage+MultiFormat.m */,
				D45764C61EA652E900D900B6 /* UIImage+WebP.h */,
				D45764C71EA652E900D900B6 /* UIImage+WebP.m */,
				D45764C81EA652E900D900B6 /* UIImageView+HighlightedWebCache.h */,
				D45764C91EA652E900D900B6 /* UIImageView+HighlightedWebCache.m */,
				D45764CA1EA652E900D900B6 /* UIImageView+WebCache.h */,
				D45764CB1EA652E900D900B6 /* UIImageView+WebCache.m */,
				D45764CC1EA652E900D900B6 /* UIView+WebCache.h */,
				D45764CD1EA652E900D900B6 /* UIView+WebCache.m */,
				D45764CE1EA652E900D900B6 /* UIView+WebCacheOperation.h */,
				D45764CF1EA652E900D900B6 /* UIView+WebCacheOperation.m */,
			);
			name = SDWebImage;
			path = ExternalLibraries/SBWebImage/SDWebImage;
			sourceTree = SOURCE_ROOT;
		};
		D45764A61EA652E900D900B6 /* FLAnimatedImage */ = {
			isa = PBXGroup;
			children = (
				D45764A71EA652E900D900B6 /* FLAnimatedImageView+WebCache.h */,
				D45764A81EA652E900D900B6 /* FLAnimatedImageView+WebCache.m */,
			);
			path = FLAnimatedImage;
			sourceTree = "<group>";
		};
		D45764E41EA6536100D900B6 /* FLAnimatedImage */ = {
			isa = PBXGroup;
			children = (
				D45764E51EA6536100D900B6 /* FLAnimatedImage.h */,
				D45764E61EA6536100D900B6 /* FLAnimatedImage.m */,
				D45764E71EA6536100D900B6 /* FLAnimatedImageView.h */,
				D45764E81EA6536100D900B6 /* FLAnimatedImageView.m */,
			);
			name = FLAnimatedImage;
			path = ExternalLibraries/FLAnimatedImage/FLAnimatedImage;
			sourceTree = SOURCE_ROOT;
		};
/* End PBXGroup section */

/* Begin PBXNativeTarget section */
		D457646D1EA64DF100D900B6 /* MoneyInfoHiub */ = {
			isa = PBXNativeTarget;
			buildConfigurationList = D45764961EA64DF200D900B6 /* Build configuration list for PBXNativeTarget "MoneyInfoHiub" */;
			buildPhases = (
				D457646A1EA64DF100D900B6 /* Sources */,
				D457646B1EA64DF100D900B6 /* Frameworks */,
				D457646C1EA64DF100D900B6 /* Resources */,
			);
			buildRules = (
			);
			dependencies = (
			);
			name = MoneyInfoHiub;
			productName = MoneyInfoHiub;
			productReference = D457646E1EA64DF100D900B6 /* MoneyInfoHiub.app */;
			productType = "com.apple.product-type.application";
		};
		D45764811EA64DF200D900B6 /* MoneyInfoHiubTests */ = {
			isa = PBXNativeTarget;
			buildConfigurationList = D45764991EA64DF200D900B6 /* Build configuration list for PBXNativeTarget "MoneyInfoHiubTests" */;
			buildPhases = (
				D457647E1EA64DF200D900B6 /* Sources */,
				D457647F1EA64DF200D900B6 /* Frameworks */,
				D45764801EA64DF200D900B6 /* Resources */,
			);
			buildRules = (
			);
			dependencies = (
				D45764841EA64DF200D900B6 /* PBXTargetDependency */,
			);
			name = MoneyInfoHiubTests;
			productName = MoneyInfoHiubTests;
			productReference = D45764821EA64DF200D900B6 /* MoneyInfoHiubTests.xctest */;
			productType = "com.apple.product-type.bundle.unit-test";
		};
		D457648C1EA64DF200D900B6 /* MoneyInfoHiubUITests */ = {
			isa = PBXNativeTarget;
			buildConfigurationList = D457649C1EA64DF200D900B6 /* Build configuration list for PBXNativeTarget "MoneyInfoHiubUITests" */;
			buildPhases = (
				D45764891EA64DF200D900B6 /* Sources */,
				D457648A1EA64DF200D900B6 /* Frameworks */,
				D457648B1EA64DF200D900B6 /* Resources */,
			);
			buildRules = (
			);
			dependencies = (
				D457648F1EA64DF200D900B6 /* PBXTargetDependency */,
			);
			name = MoneyInfoHiubUITests;
			productName = MoneyInfoHiubUITests;
			productReference = D457648D1EA64DF200D900B6 /* MoneyInfoHiubUITests.xctest */;
			productType = "com.apple.product-type.bundle.ui-testing";
		};
/* End PBXNativeTarget section */

/* Begin PBXProject section */
		D45764661EA64DF100D900B6 /* Project object */ = {
			isa = PBXProject;
			attributes = {
				LastSwiftUpdateCheck = 0830;
				LastUpgradeCheck = 0830;
				ORGANIZATIONNAME = "KKBOX Taiwan Co., Ltd";
				TargetAttributes = {
					D457646D1EA64DF100D900B6 = {
						CreatedOnToolsVersion = 8.3.1;
						DevelopmentTeam = X29ZB2LBKB;
						ProvisioningStyle = Automatic;
					};
					D45764811EA64DF200D900B6 = {
						CreatedOnToolsVersion = 8.3.1;
						DevelopmentTeam = X29ZB2LBKB;
						ProvisioningStyle = Automatic;
						TestTargetID = D457646D1EA64DF100D900B6;
					};
					D457648C1EA64DF200D900B6 = {
						CreatedOnToolsVersion = 8.3.1;
						DevelopmentTeam = X29ZB2LBKB;
						ProvisioningStyle = Automatic;
						TestTargetID = D457646D1EA64DF100D900B6;
					};
				};
			};
			buildConfigurationList = D45764691EA64DF100D900B6 /* Build configuration list for PBXProject "MoneyInfoHiub" */;
			compatibilityVersion = "Xcode 3.2";
			developmentRegion = English;
			hasScannedForEncodings = 0;
			knownRegions = (
				en,
				Base,
			);
			mainGroup = D45764651EA64DF100D900B6;
			productRefGroup = D457646F1EA64DF100D900B6 /* Products */;
			projectDirPath = "";
			projectRoot = "";
			targets = (
				D457646D1EA64DF100D900B6 /* MoneyInfoHiub */,
				D45764811EA64DF200D900B6 /* MoneyInfoHiubTests */,
				D457648C1EA64DF200D900B6 /* MoneyInfoHiubUITests */,
			);
		};
/* End PBXProject section */

/* Begin PBXResourcesBuildPhase section */
		D457646C1EA64DF100D900B6 /* Resources */ = {
			isa = PBXResourcesBuildPhase;
			buildActionMask = 2147483647;
			files = (
				D457647C1EA64DF200D900B6 /* LaunchScreen.storyboard in Resources */,
				D45764791EA64DF200D900B6 /* Assets.xcassets in Resources */,
			);
			runOnlyForDeploymentPostprocessing = 0;
		};
		D45764801EA64DF200D900B6 /* Resources */ = {
			isa = PBXResourcesBuildPhase;
			buildActionMask = 2147483647;
			files = (
			);
			runOnlyForDeploymentPostprocessing = 0;
		};
		D457648B1EA64DF200D900B6 /* Resources */ = {
			isa = PBXResourcesBuildPhase;
			buildActionMask = 2147483647;
			files = (
			);
			runOnlyForDeploymentPostprocessing = 0;
		};
/* End PBXResourcesBuildPhase section */

/* Begin PBXSourcesBuildPhase section */
		D457646A1EA64DF100D900B6 /* Sources */ = {
			isa = PBXSourcesBuildPhase;
			buildActionMask = 2147483647;
			files = (
				D45764E21EA652E900D900B6 /* UIView+WebCache.m in Sources */,
				D45764A01EA64E0200D900B6 /* MIHAPIManager.swift in Sources */,
				D45764EE1EA6576D00D900B6 /* MIHCardTableViewCell.swift in Sources */,
				D45764DA1EA652E900D900B6 /* SDWebImageManager.m in Sources */,
				D45764D51EA652E900D900B6 /* SDImageCacheConfig.m in Sources */,
				D45764D91EA652E900D900B6 /* SDWebImageDownloaderOperation.m in Sources */,
				D45764D31EA652E900D900B6 /* NSImage+WebCache.m in Sources */,
				D45764DC1EA652E900D900B6 /* UIButton+WebCache.m in Sources */,
				D45764EB1EA6536100D900B6 /* FLAnimatedImageView.m in Sources */,
				D45764E31EA652E900D900B6 /* UIView+WebCacheOperation.m in Sources */,
				D45764D01EA652E900D900B6 /* FLAnimatedImageView+WebCache.m in Sources */,
				D45764DB1EA652E900D900B6 /* SDWebImagePrefetcher.m in Sources */,
				D45765001EA661F100D900B6 /* MIHWebViewController.swift in Sources */,
				D45764D81EA652E900D900B6 /* SDWebImageDownloader.m in Sources */,
				D45764A21EA651E000D900B6 /* MIHMainTableViewController.swift in Sources */,
				D45764DF1EA652E900D900B6 /* UIImage+WebP.m in Sources */,
				D45764E11EA652E900D900B6 /* UIImageView+WebCache.m in Sources */,
				D45764D71EA652E900D900B6 /* SDWebImageDecoder.m in Sources */,
				D45764D11EA652E900D900B6 /* MKAnnotationView+WebCache.m in Sources */,
				D45764D21EA652E900D900B6 /* NSData+ImageContentType.m in Sources */,
				D45764D61EA652E900D900B6 /* SDWebImageCompat.m in Sources */,
				D45764721EA64DF200D900B6 /* AppDelegate.swift in Sources */,
				D45764D41EA652E900D900B6 /* SDImageCache.m in Sources */,
				D45764EA1EA6536100D900B6 /* FLAnimatedImage.m in Sources */,
				D45764DE1EA652E900D900B6 /* UIImage+MultiFormat.m in Sources */,
				D45764E01EA652E900D900B6 /* UIImageView+HighlightedWebCache.m in Sources */,
				D45764DD1EA652E900D900B6 /* UIImage+GIF.m in Sources */,
			);
			runOnlyForDeploymentPostprocessing = 0;
		};
		D457647E1EA64DF200D900B6 /* Sources */ = {
			isa = PBXSourcesBuildPhase;
			buildActionMask = 2147483647;
			files = (
				D45764871EA64DF200D900B6 /* MoneyInfoHiubTests.swift in Sources */,
			);
			runOnlyForDeploymentPostprocessing = 0;
		};
		D45764891EA64DF200D900B6 /* Sources */ = {
			isa = PBXSourcesBuildPhase;
			buildActionMask = 2147483647;
			files = (
				D45764921EA64DF200D900B6 /* MoneyInfoHiubUITests.swift in Sources */,
			);
			runOnlyForDeploymentPostprocessing = 0;
		};
/* End PBXSourcesBuildPhase section */

/* Begin PBXTargetDependency section */
		D45764841EA64DF200D900B6 /* PBXTargetDependency */ = {
			isa = PBXTargetDependency;
			target = D457646D1EA64DF100D900B6 /* MoneyInfoHiub */;
			targetProxy = D45764831EA64DF200D900B6 /* PBXContainerItemProxy */;
		};
		D457648F1EA64DF200D900B6 /* PBXTargetDependency */ = {
			isa = PBXTargetDependency;
			target = D457646D1EA64DF100D900B6 /* MoneyInfoHiub */;
			targetProxy = D457648E1EA64DF200D900B6 /* PBXContainerItemProxy */;
		};
/* End PBXTargetDependency section */

/* Begin PBXVariantGroup section */
		D457647A1EA64DF200D900B6 /* LaunchScreen.storyboard */ = {
			isa = PBXVariantGroup;
			children = (
				D457647B1EA64DF200D900B6 /* Base */,
			);
			name = LaunchScreen.storyboard;
			sourceTree = "<group>";
		};
/* End PBXVariantGroup section */

/* Begin XCBuildConfiguration section */
		D45764941EA64DF200D900B6 /* Debug */ = {
			isa = XCBuildConfiguration;
			buildSettings = {
				ALWAYS_SEARCH_USER_PATHS = NO;
				CLANG_ANALYZER_NONNULL = YES;
				CLANG_ANALYZER_NUMBER_OBJECT_CONVERSION = YES_AGGRESSIVE;
				CLANG_CXX_LANGUAGE_STANDARD = "gnu++0x";
				CLANG_CXX_LIBRARY = "libc++";
				CLANG_ENABLE_MODULES = YES;
				CLANG_ENABLE_OBJC_ARC = YES;
				CLANG_WARN_BOOL_CONVERSION = YES;
				CLANG_WARN_CONSTANT_CONVERSION = YES;
				CLANG_WARN_DIRECT_OBJC_ISA_USAGE = YES_ERROR;
				CLANG_WARN_DOCUMENTATION_COMMENTS = YES;
				CLANG_WARN_EMPTY_BODY = YES;
				CLANG_WARN_ENUM_CONVERSION = YES;
				CLANG_WARN_INFINITE_RECURSION = YES;
				CLANG_WARN_INT_CONVERSION = YES;
				CLANG_WARN_OBJC_ROOT_CLASS = YES_ERROR;
				CLANG_WARN_SUSPICIOUS_MOVE = YES;
				CLANG_WARN_UNREACHABLE_CODE = YES;
				CLANG_WARN__DUPLICATE_METHOD_MATCH = YES;
				"CODE_SIGN_IDENTITY[sdk=iphoneos*]" = "iPhone Developer";
				COPY_PHASE_STRIP = NO;
				DEBUG_INFORMATION_FORMAT = dwarf;
				ENABLE_STRICT_OBJC_MSGSEND = YES;
				ENABLE_TESTABILITY = YES;
				GCC_C_LANGUAGE_STANDARD = gnu99;
				GCC_DYNAMIC_NO_PIC = NO;
				GCC_NO_COMMON_BLOCKS = YES;
				GCC_OPTIMIZATION_LEVEL = 0;
				GCC_PREPROCESSOR_DEFINITIONS = (
					"DEBUG=1",
					"$(inherited)",
				);
				GCC_WARN_64_TO_32_BIT_CONVERSION = YES;
				GCC_WARN_ABOUT_RETURN_TYPE = YES_ERROR;
				GCC_WARN_UNDECLARED_SELECTOR = YES;
				GCC_WARN_UNINITIALIZED_AUTOS = YES_AGGRESSIVE;
				GCC_WARN_UNUSED_FUNCTION = YES;
				GCC_WARN_UNUSED_VARIABLE = YES;
				IPHONEOS_DEPLOYMENT_TARGET = 10.3;
				MTL_ENABLE_DEBUG_INFO = YES;
				ONLY_ACTIVE_ARCH = YES;
				SDKROOT = iphoneos;
				SWIFT_ACTIVE_COMPILATION_CONDITIONS = DEBUG;
				SWIFT_OPTIMIZATION_LEVEL = "-Onone";
			};
			name = Debug;
		};
		D45764951EA64DF200D900B6 /* Release */ = {
			isa = XCBuildConfiguration;
			buildSettings = {
				ALWAYS_SEARCH_USER_PATHS = NO;
				CLANG_ANALYZER_NONNULL = YES;
				CLANG_ANALYZER_NUMBER_OBJECT_CONVERSION = YES_AGGRESSIVE;
				CLANG_CXX_LANGUAGE_STANDARD = "gnu++0x";
				CLANG_CXX_LIBRARY = "libc++";
				CLANG_ENABLE_MODULES = YES;
				CLANG_ENABLE_OBJC_ARC = YES;
				CLANG_WARN_BOOL_CONVERSION = YES;
				CLANG_WARN_CONSTANT_CONVERSION = YES;
				CLANG_WARN_DIRECT_OBJC_ISA_USAGE = YES_ERROR;
				CLANG_WARN_DOCUMENTATION_COMMENTS = YES;
				CLANG_WARN_EMPTY_BODY = YES;
				CLANG_WARN_ENUM_CONVERSION = YES;
				CLANG_WARN_INFINITE_RECURSION = YES;
				CLANG_WARN_INT_CONVERSION = YES;
				CLANG_WARN_OBJC_ROOT_CLASS = YES_ERROR;
				CLANG_WARN_SUSPICIOUS_MOVE = YES;
				CLANG_WARN_UNREACHABLE_CODE = YES;
				CLANG_WARN__DUPLICATE_METHOD_MATCH = YES;
				"CODE_SIGN_IDENTITY[sdk=iphoneos*]" = "iPhone Developer";
				COPY_PHASE_STRIP = NO;
				DEBUG_INFORMATION_FORMAT = "dwarf-with-dsym";
				ENABLE_NS_ASSERTIONS = NO;
				ENABLE_STRICT_OBJC_MSGSEND = YES;
				GCC_C_LANGUAGE_STANDARD = gnu99;
				GCC_NO_COMMON_BLOCKS = YES;
				GCC_WARN_64_TO_32_BIT_CONVERSION = YES;
				GCC_WARN_ABOUT_RETURN_TYPE = YES_ERROR;
				GCC_WARN_UNDECLARED_SELECTOR = YES;
				GCC_WARN_UNINITIALIZED_AUTOS = YES_AGGRESSIVE;
				GCC_WARN_UNUSED_FUNCTION = YES;
				GCC_WARN_UNUSED_VARIABLE = YES;
				IPHONEOS_DEPLOYMENT_TARGET = 10.3;
				MTL_ENABLE_DEBUG_INFO = NO;
				SDKROOT = iphoneos;
				SWIFT_OPTIMIZATION_LEVEL = "-Owholemodule";
				VALIDATE_PRODUCT = YES;
			};
			name = Release;
		};
		D45764971EA64DF200D900B6 /* Debug */ = {
			isa = XCBuildConfiguration;
			buildSettings = {
				ASSETCATALOG_COMPILER_APPICON_NAME = AppIcon;
				DEVELOPMENT_TEAM = X29ZB2LBKB;
				INFOPLIST_FILE = MoneyInfoHiub/Info.plist;
				LD_RUNPATH_SEARCH_PATHS = "$(inherited) @executable_path/Frameworks";
				PRODUCT_BUNDLE_IDENTIFIER = com.kkbox.MoneyInfoHiub;
				PRODUCT_NAME = "$(TARGET_NAME)";
				SWIFT_OBJC_BRIDGING_HEADER = "MoneyInfoHiub/MIH-Bridging.h";
				SWIFT_VERSION = 3.0;
			};
			name = Debug;
		};
		D45764981EA64DF200D900B6 /* Release */ = {
			isa = XCBuildConfiguration;
			buildSettings = {
				ASSETCATALOG_COMPILER_APPICON_NAME = AppIcon;
				DEVELOPMENT_TEAM = X29ZB2LBKB;
				INFOPLIST_FILE = MoneyInfoHiub/Info.plist;
				LD_RUNPATH_SEARCH_PATHS = "$(inherited) @executable_path/Frameworks";
				PRODUCT_BUNDLE_IDENTIFIER = com.kkbox.MoneyInfoHiub;
				PRODUCT_NAME = "$(TARGET_NAME)";
				SWIFT_OBJC_BRIDGING_HEADER = "MoneyInfoHiub/MIH-Bridging.h";
				SWIFT_VERSION = 3.0;
			};
			name = Release;
		};
		D457649A1EA64DF200D900B6 /* Debug */ = {
			isa = XCBuildConfiguration;
			buildSettings = {
				ALWAYS_EMBED_SWIFT_STANDARD_LIBRARIES = YES;
				BUNDLE_LOADER = "$(TEST_HOST)";
				DEVELOPMENT_TEAM = X29ZB2LBKB;
				INFOPLIST_FILE = MoneyInfoHiubTests/Info.plist;
				LD_RUNPATH_SEARCH_PATHS = "$(inherited) @executable_path/Frameworks @loader_path/Frameworks";
				PRODUCT_BUNDLE_IDENTIFIER = com.kkbox.MoneyInfoHiubTests;
				PRODUCT_NAME = "$(TARGET_NAME)";
				SWIFT_VERSION = 3.0;
				TEST_HOST = "$(BUILT_PRODUCTS_DIR)/MoneyInfoHiub.app/MoneyInfoHiub";
			};
			name = Debug;
		};
		D457649B1EA64DF200D900B6 /* Release */ = {
			isa = XCBuildConfiguration;
			buildSettings = {
				ALWAYS_EMBED_SWIFT_STANDARD_LIBRARIES = YES;
				BUNDLE_LOADER = "$(TEST_HOST)";
				DEVELOPMENT_TEAM = X29ZB2LBKB;
				INFOPLIST_FILE = MoneyInfoHiubTests/Info.plist;
				LD_RUNPATH_SEARCH_PATHS = "$(inherited) @executable_path/Frameworks @loader_path/Frameworks";
				PRODUCT_BUNDLE_IDENTIFIER = com.kkbox.MoneyInfoHiubTests;
				PRODUCT_NAME = "$(TARGET_NAME)";
				SWIFT_VERSION = 3.0;
				TEST_HOST = "$(BUILT_PRODUCTS_DIR)/MoneyInfoHiub.app/MoneyInfoHiub";
			};
			name = Release;
		};
		D457649D1EA64DF200D900B6 /* Debug */ = {
			isa = XCBuildConfiguration;
			buildSettings = {
				ALWAYS_EMBED_SWIFT_STANDARD_LIBRARIES = YES;
				DEVELOPMENT_TEAM = X29ZB2LBKB;
				INFOPLIST_FILE = MoneyInfoHiubUITests/Info.plist;
				LD_RUNPATH_SEARCH_PATHS = "$(inherited) @executable_path/Frameworks @loader_path/Frameworks";
				PRODUCT_BUNDLE_IDENTIFIER = com.kkbox.MoneyInfoHiubUITests;
				PRODUCT_NAME = "$(TARGET_NAME)";
				SWIFT_VERSION = 3.0;
				TEST_TARGET_NAME = MoneyInfoHiub;
			};
			name = Debug;
		};
		D457649E1EA64DF200D900B6 /* Release */ = {
			isa = XCBuildConfiguration;
			buildSettings = {
				ALWAYS_EMBED_SWIFT_STANDARD_LIBRARIES = YES;
				DEVELOPMENT_TEAM = X29ZB2LBKB;
				INFOPLIST_FILE = MoneyInfoHiubUITests/Info.plist;
				LD_RUNPATH_SEARCH_PATHS = "$(inherited) @executable_path/Frameworks @loader_path/Frameworks";
				PRODUCT_BUNDLE_IDENTIFIER = com.kkbox.MoneyInfoHiubUITests;
				PRODUCT_NAME = "$(TARGET_NAME)";
				SWIFT_VERSION = 3.0;
				TEST_TARGET_NAME = MoneyInfoHiub;
			};
			name = Release;
		};
/* End XCBuildConfiguration section */

/* Begin XCConfigurationList section */
		D45764691EA64DF100D900B6 /* Build configuration list for PBXProject "MoneyInfoHiub" */ = {
			isa = XCConfigurationList;
			buildConfigurations = (
				D45764941EA64DF200D900B6 /* Debug */,
				D45764951EA64DF200D900B6 /* Release */,
			);
			defaultConfigurationIsVisible = 0;
			defaultConfigurationName = Release;
		};
		D45764961EA64DF200D900B6 /* Build configuration list for PBXNativeTarget "MoneyInfoHiub" */ = {
			isa = XCConfigurationList;
			buildConfigurations = (
				D45764971EA64DF200D900B6 /* Debug */,
				D45764981EA64DF200D900B6 /* Release */,
			);
			defaultConfigurationIsVisible = 0;
		};
		D45764991EA64DF200D900B6 /* Build configuration list for PBXNativeTarget "MoneyInfoHiubTests" */ = {
			isa = XCConfigurationList;
			buildConfigurations = (
				D457649A1EA64DF200D900B6 /* Debug */,
				D457649B1EA64DF200D900B6 /* Release */,
			);
			defaultConfigurationIsVisible = 0;
		};
		D457649C1EA64DF200D900B6 /* Build configuration list for PBXNativeTarget "MoneyInfoHiubUITests" */ = {
			isa = XCConfigurationList;
			buildConfigurations = (
				D457649D1EA64DF200D900B6 /* Debug */,
				D457649E1EA64DF200D900B6 /* Release */,
			);
			defaultConfigurationIsVisible = 0;
		};
/* End XCConfigurationList section */
	};
	rootObject = D45764661EA64DF100D900B6 /* Project object */;
}
